{
  "name": "gatsby-source-directory-tree",
  "version": "1.0.0",
  "lockfileVersion": 1,
  "requires": true,
  "dependencies": {
    "directory-tree": {
      "version": "2.1.0",
      "resolved": "https://registry.npmjs.org/directory-tree/-/directory-tree-2.1.0.tgz",
      "integrity": "sha1-4MGmb2JUgar31gN0Hw09k83Uhno="
    }
  }
}
